
Microsoft Visual Studio Solution File, Format Version 12.00
# Visual Studio Version 16
VisualStudioVersion = 16.0.29009.5
MinimumVisualStudioVersion = 10.0.40219.1
Project("{FAE04EC0-301F-11D3-BF4B-00C04F79EFBC}") = "Reface.StateMachine", "Reface.StateMachine.csproj", "{340A29B0-3F8A-4771-9415-9E54FBE2F3F1}"
EndProject
Project("{FAE04EC0-301F-11D3-BF4B-00C04F79EFBC}") = "Reface.StateMachineTests", "..\Reface.StateMachineTests\Reface.StateMachineTests.csproj", "{751816FD-E1AF-4E01-A665-8BB17B7DF334}"
EndProject
Global
	GlobalSection(SolutionConfigurationPlatforms) = preSolution
		Debug|Any CPU = Debug|Any CPU
		Release|Any CPU = Release|Any CPU
	EndGlobalSection
	GlobalSection(ProjectConfigurationPlatforms) = postSolution
		{340A29B0-3F8A-4771-9415-9E54FBE2F3F1}.Debug|Any CPU.ActiveCfg = Debug|Any CPU
		{340A29B0-3F8A-4771-9415-9E54FBE2F3F1}.Debug|Any CPU.Build.0 = Debug|Any CPU
		{340A29B0-3F8A-4771-9415-9E54FBE2F3F1}.Release|Any CPU.ActiveCfg = Release|Any CPU
		{340A29B0-3F8A-4771-9415-9E54FBE2F3F1}.Release|Any CPU.Build.0 = Release|Any CPU
		{751816FD-E1AF-4E01-A665-8BB17B7DF334}.Debug|Any CPU.ActiveCfg = Debug|Any CPU
		{751816FD-E1AF-4E01-A665-8BB17B7DF334}.Debug|Any CPU.Build.0 = Debug|Any CPU
		{751816FD-E1AF-4E01-A665-8BB17B7DF334}.Release|Any CPU.ActiveCfg = Release|Any CPU
		{751816FD-E1AF-4E01-A665-8BB17B7DF334}.Release|Any CPU.Build.0 = Release|Any CPU
	EndGlobalSection
	GlobalSection(SolutionProperties) = preSolution
		HideSolutionNode = FALSE
	EndGlobalSection
	GlobalSection(ExtensibilityGlobals) = postSolution
		SolutionGuid = {744F1B27-E608-4EDC-9574-62A688B06AA1}
	EndGlobalSection
EndGlobal
